
Microsoft Visual Studio Solution File, Format Version 12.00
# Visual Studio Version 17
VisualStudioVersion = 17.5.002.0
MinimumVisualStudioVersion = 10.0.40219.1
Project("{2150E333-8FDC-42A3-9474-1A3956D46DE8}") = "sandbox", "sandbox", "{21D31A9A-4897-425D-8284-3DDAE65E3008}"
EndProject
Project("{9A19103F-16F7-4668-BE54-9A1E7A4F7556}") = "sandbox_project", "sandbox\sandbox_project\sandbox_project.csproj", "{0C0DC98F-3AEC-466C-907E-F2C9B6915C59}"
EndProject
Project("{2150E333-8FDC-42A3-9474-1A3956D46DE8}") = "week01", "week01", "{D582C011-5EFF-4F0E-860B-62BB61D18489}"
EndProject
Project("{9A19103F-16F7-4668-BE54-9A1E7A4F7556}") = "analyze", "week01\analyze\analyze.csproj", "{D4F88556-BA53-46ED-A547-43E4BF75B2A1}"
EndProject
Project("{9A19103F-16F7-4668-BE54-9A1E7A4F7556}") = "code", "week01\code\code.csproj", "{1D10DEB5-70B9-4DE7-B102-FDCF443C18C7}"
EndProject
Project("{9A19103F-16F7-4668-BE54-9A1E7A4F7556}") = "teach", "week01\teach\teach.csproj", "{AC649C54-7889-4062-9A47-56487C731086}"
EndProject
Project("{2150E333-8FDC-42A3-9474-1A3956D46DE8}") = "week02", "week02", "{0C7D3892-0630-46DF-9B27-9853BCAA2AE0}"
EndProject
Project("{9A19103F-16F7-4668-BE54-9A1E7A4F7556}") = "analyze", "week02\analyze\analyze.csproj", "{0BCCDF32-8197-4C2E-8849-95E31826EE3C}"
EndProject
Project("{9A19103F-16F7-4668-BE54-9A1E7A4F7556}") = "code", "week02\code\code.csproj", "{B077EC03-6D32-417D-8A0B-BC642787E169}"
EndProject
Project("{9A19103F-16F7-4668-BE54-9A1E7A4F7556}") = "learn", "week02\learn\learn.csproj", "{33B5B779-64C6-41CA-AF8C-FDDAD6B2179B}"
EndProject
Project("{9A19103F-16F7-4668-BE54-9A1E7A4F7556}") = "teach", "week02\teach\teach.csproj", "{6B6C4057-B476-4FAB-9E1F-F9342D88BB3E}"
EndProject
Project("{2150E333-8FDC-42A3-9474-1A3956D46DE8}") = "week03", "week03", "{0220CDAD-BBB4-4187-BC84-26FD5CDDEFD5}"
EndProject
Project("{9A19103F-16F7-4668-BE54-9A1E7A4F7556}") = "code", "week03\code\code.csproj", "{4BD5E12E-EF2C-44DC-9E11-CAFF078686EE}"
EndProject
Project("{9A19103F-16F7-4668-BE54-9A1E7A4F7556}") = "learn", "week03\learn\learn.csproj", "{2ED6A64D-54EC-4E96-9446-1D89A5E0605E}"
EndProject
Project("{9A19103F-16F7-4668-BE54-9A1E7A4F7556}") = "teach", "week03\teach\teach.csproj", "{1CB3FF0E-6258-4919-BFF2-4B7013C658A1}"
EndProject
Project("{2150E333-8FDC-42A3-9474-1A3956D46DE8}") = "week04", "week04", "{80A00777-4728-4EF3-BAA3-A8075EF3569F}"
EndProject
Project("{9A19103F-16F7-4668-BE54-9A1E7A4F7556}") = "code", "week04\code\code.csproj", "{377E392A-5167-48B0-95A7-AC786331FEF6}"
EndProject
Project("{2150E333-8FDC-42A3-9474-1A3956D46DE8}") = "week05", "week05", "{13F54D12-7E71-47D5-B1C7-3C50AA602F57}"
EndProject
Project("{9A19103F-16F7-4668-BE54-9A1E7A4F7556}") = "code", "week05\code\code.csproj", "{A479C989-4A4D-4899-9DD3-E34071D8A592}"
EndProject
Project("{2150E333-8FDC-42A3-9474-1A3956D46DE8}") = "week06", "week06", "{257FB890-78BE-49FF-B450-18D5AFD20AEF}"
EndProject
Project("{9A19103F-16F7-4668-BE54-9A1E7A4F7556}") = "code", "week06\code\code.csproj", "{209BC0C9-2C30-4492-8B9F-0B6C8B993047}"
EndProject
Global
	GlobalSection(SolutionConfigurationPlatforms) = preSolution
		Debug|Any CPU = Debug|Any CPU
		Release|Any CPU = Release|Any CPU
	EndGlobalSection
	GlobalSection(ProjectConfigurationPlatforms) = postSolution
		{0C0DC98F-3AEC-466C-907E-F2C9B6915C59}.Debug|Any CPU.ActiveCfg = Debug|Any CPU
		{0C0DC98F-3AEC-466C-907E-F2C9B6915C59}.Debug|Any CPU.Build.0 = Debug|Any CPU
		{0C0DC98F-3AEC-466C-907E-F2C9B6915C59}.Release|Any CPU.ActiveCfg = Release|Any CPU
		{0C0DC98F-3AEC-466C-907E-F2C9B6915C59}.Release|Any CPU.Build.0 = Release|Any CPU
		{D4F88556-BA53-46ED-A547-43E4BF75B2A1}.Debug|Any CPU.ActiveCfg = Debug|Any CPU
		{D4F88556-BA53-46ED-A547-43E4BF75B2A1}.Debug|Any CPU.Build.0 = Debug|Any CPU
		{D4F88556-BA53-46ED-A547-43E4BF75B2A1}.Release|Any CPU.ActiveCfg = Release|Any CPU
		{D4F88556-BA53-46ED-A547-43E4BF75B2A1}.Release|Any CPU.Build.0 = Release|Any CPU
		{1D10DEB5-70B9-4DE7-B102-FDCF443C18C7}.Debug|Any CPU.ActiveCfg = Debug|Any CPU
		{1D10DEB5-70B9-4DE7-B102-FDCF443C18C7}.Debug|Any CPU.Build.0 = Debug|Any CPU
		{1D10DEB5-70B9-4DE7-B102-FDCF443C18C7}.Release|Any CPU.ActiveCfg = Release|Any CPU
		{1D10DEB5-70B9-4DE7-B102-FDCF443C18C7}.Release|Any CPU.Build.0 = Release|Any CPU
		{AC649C54-7889-4062-9A47-56487C731086}.Debug|Any CPU.ActiveCfg = Debug|Any CPU
		{AC649C54-7889-4062-9A47-56487C731086}.Debug|Any CPU.Build.0 = Debug|Any CPU
		{AC649C54-7889-4062-9A47-56487C731086}.Release|Any CPU.ActiveCfg = Release|Any CPU
		{AC649C54-7889-4062-9A47-56487C731086}.Release|Any CPU.Build.0 = Release|Any CPU
		{0BCCDF32-8197-4C2E-8849-95E31826EE3C}.Debug|Any CPU.ActiveCfg = Debug|Any CPU
		{0BCCDF32-8197-4C2E-8849-95E31826EE3C}.Debug|Any CPU.Build.0 = Debug|Any CPU
		{0BCCDF32-8197-4C2E-8849-95E31826EE3C}.Release|Any CPU.ActiveCfg = Release|Any CPU
		{0BCCDF32-8197-4C2E-8849-95E31826EE3C}.Release|Any CPU.Build.0 = Release|Any CPU
		{B077EC03-6D32-417D-8A0B-BC642787E169}.Debug|Any CPU.ActiveCfg = Debug|Any CPU
		{B077EC03-6D32-417D-8A0B-BC642787E169}.Debug|Any CPU.Build.0 = Debug|Any CPU
		{B077EC03-6D32-417D-8A0B-BC642787E169}.Release|Any CPU.ActiveCfg = Release|Any CPU
		{B077EC03-6D32-417D-8A0B-BC642787E169}.Release|Any CPU.Build.0 = Release|Any CPU
		{33B5B779-64C6-41CA-AF8C-FDDAD6B2179B}.Debug|Any CPU.ActiveCfg = Debug|Any CPU
		{33B5B779-64C6-41CA-AF8C-FDDAD6B2179B}.Debug|Any CPU.Build.0 = Debug|Any CPU
		{33B5B779-64C6-41CA-AF8C-FDDAD6B2179B}.Release|Any CPU.ActiveCfg = Release|Any CPU
		{33B5B779-64C6-41CA-AF8C-FDDAD6B2179B}.Release|Any CPU.Build.0 = Release|Any CPU
		{6B6C4057-B476-4FAB-9E1F-F9342D88BB3E}.Debug|Any CPU.ActiveCfg = Debug|Any CPU
		{6B6C4057-B476-4FAB-9E1F-F9342D88BB3E}.Debug|Any CPU.Build.0 = Debug|Any CPU
		{6B6C4057-B476-4FAB-9E1F-F9342D88BB3E}.Release|Any CPU.ActiveCfg = Release|Any CPU
		{6B6C4057-B476-4FAB-9E1F-F9342D88BB3E}.Release|Any CPU.Build.0 = Release|Any CPU
		{4BD5E12E-EF2C-44DC-9E11-CAFF078686EE}.Debug|Any CPU.ActiveCfg = Debug|Any CPU
		{4BD5E12E-EF2C-44DC-9E11-CAFF078686EE}.Debug|Any CPU.Build.0 = Debug|Any CPU
		{4BD5E12E-EF2C-44DC-9E11-CAFF078686EE}.Release|Any CPU.ActiveCfg = Release|Any CPU
		{4BD5E12E-EF2C-44DC-9E11-CAFF078686EE}.Release|Any CPU.Build.0 = Release|Any CPU
		{2ED6A64D-54EC-4E96-9446-1D89A5E0605E}.Debug|Any CPU.ActiveCfg = Debug|Any CPU
		{2ED6A64D-54EC-4E96-9446-1D89A5E0605E}.Debug|Any CPU.Build.0 = Debug|Any CPU
		{2ED6A64D-54EC-4E96-9446-1D89A5E0605E}.Release|Any CPU.ActiveCfg = Release|Any CPU
		{2ED6A64D-54EC-4E96-9446-1D89A5E0605E}.Release|Any CPU.Build.0 = Release|Any CPU
		{1CB3FF0E-6258-4919-BFF2-4B7013C658A1}.Debug|Any CPU.ActiveCfg = Debug|Any CPU
		{1CB3FF0E-6258-4919-BFF2-4B7013C658A1}.Debug|Any CPU.Build.0 = Debug|Any CPU
		{1CB3FF0E-6258-4919-BFF2-4B7013C658A1}.Release|Any CPU.ActiveCfg = Release|Any CPU
		{1CB3FF0E-6258-4919-BFF2-4B7013C658A1}.Release|Any CPU.Build.0 = Release|Any CPU
		{377E392A-5167-48B0-95A7-AC786331FEF6}.Debug|Any CPU.ActiveCfg = Debug|Any CPU
		{377E392A-5167-48B0-95A7-AC786331FEF6}.Debug|Any CPU.Build.0 = Debug|Any CPU
		{377E392A-5167-48B0-95A7-AC786331FEF6}.Release|Any CPU.ActiveCfg = Release|Any CPU
		{377E392A-5167-48B0-95A7-AC786331FEF6}.Release|Any CPU.Build.0 = Release|Any CPU
		{A479C989-4A4D-4899-9DD3-E34071D8A592}.Debug|Any CPU.ActiveCfg = Debug|Any CPU
		{A479C989-4A4D-4899-9DD3-E34071D8A592}.Debug|Any CPU.Build.0 = Debug|Any CPU
		{A479C989-4A4D-4899-9DD3-E34071D8A592}.Release|Any CPU.ActiveCfg = Release|Any CPU
		{A479C989-4A4D-4899-9DD3-E34071D8A592}.Release|Any CPU.Build.0 = Release|Any CPU
		{209BC0C9-2C30-4492-8B9F-0B6C8B993047}.Debug|Any CPU.ActiveCfg = Debug|Any CPU
		{209BC0C9-2C30-4492-8B9F-0B6C8B993047}.Debug|Any CPU.Build.0 = Debug|Any CPU
		{209BC0C9-2C30-4492-8B9F-0B6C8B993047}.Release|Any CPU.ActiveCfg = Release|Any CPU
		{209BC0C9-2C30-4492-8B9F-0B6C8B993047}.Release|Any CPU.Build.0 = Release|Any CPU
	EndGlobalSection
	GlobalSection(SolutionProperties) = preSolution
		HideSolutionNode = FALSE
	EndGlobalSection
	GlobalSection(NestedProjects) = preSolution
		{0C0DC98F-3AEC-466C-907E-F2C9B6915C59} = {21D31A9A-4897-425D-8284-3DDAE65E3008}
		{D4F88556-BA53-46ED-A547-43E4BF75B2A1} = {D582C011-5EFF-4F0E-860B-62BB61D18489}
		{1D10DEB5-70B9-4DE7-B102-FDCF443C18C7} = {D582C011-5EFF-4F0E-860B-62BB61D18489}
		{AC649C54-7889-4062-9A47-56487C731086} = {D582C011-5EFF-4F0E-860B-62BB61D18489}
		{0BCCDF32-8197-4C2E-8849-95E31826EE3C} = {0C7D3892-0630-46DF-9B27-9853BCAA2AE0}
		{B077EC03-6D32-417D-8A0B-BC642787E169} = {0C7D3892-0630-46DF-9B27-9853BCAA2AE0}
		{33B5B779-64C6-41CA-AF8C-FDDAD6B2179B} = {0C7D3892-0630-46DF-9B27-9853BCAA2AE0}
		{6B6C4057-B476-4FAB-9E1F-F9342D88BB3E} = {0C7D3892-0630-46DF-9B27-9853BCAA2AE0}
		{4BD5E12E-EF2C-44DC-9E11-CAFF078686EE} = {0220CDAD-BBB4-4187-BC84-26FD5CDDEFD5}
		{2ED6A64D-54EC-4E96-9446-1D89A5E0605E} = {0220CDAD-BBB4-4187-BC84-26FD5CDDEFD5}
		{1CB3FF0E-6258-4919-BFF2-4B7013C658A1} = {0220CDAD-BBB4-4187-BC84-26FD5CDDEFD5}
		{377E392A-5167-48B0-95A7-AC786331FEF6} = {80A00777-4728-4EF3-BAA3-A8075EF3569F}
		{A479C989-4A4D-4899-9DD3-E34071D8A592} = {13F54D12-7E71-47D5-B1C7-3C50AA602F57}
		{209BC0C9-2C30-4492-8B9F-0B6C8B993047} = {257FB890-78BE-49FF-B450-18D5AFD20AEF}
	EndGlobalSection
	GlobalSection(ExtensibilityGlobals) = postSolution
		SolutionGuid = {85C3D110-ADAD-411F-A70B-E3D2AF0BED56}
	EndGlobalSection
EndGlobal
